
Microsoft Visual Studio Solution File, Format Version 12.00
# Visual Studio Version 17
VisualStudioVersion = 17.3.32901.215
MinimumVisualStudioVersion = 10.0.40219.1
Project("{9A19103F-16F7-4668-BE54-9A1E7A4F7556}") = "01", "01_base\01.csproj", "{637CB99B-0AD0-42F0-844A-424E9B1E0701}"
EndProject
Project("{FAE04EC0-301F-11D3-BF4B-00C04F79EFBC}") = "02", "02\02.csproj", "{C5729534-A11C-492C-82DE-4078DBB4D31C}"
EndProject
Global
	GlobalSection(SolutionConfigurationPlatforms) = preSolution
		Debug|Any CPU = Debug|Any CPU
		Release|Any CPU = Release|Any CPU
	EndGlobalSection
	GlobalSection(ProjectConfigurationPlatforms) = postSolution
		{637CB99B-0AD0-42F0-844A-424E9B1E0701}.Debug|Any CPU.ActiveCfg = Debug|Any CPU
		{637CB99B-0AD0-42F0-844A-424E9B1E0701}.Debug|Any CPU.Build.0 = Debug|Any CPU
		{637CB99B-0AD0-42F0-844A-424E9B1E0701}.Release|Any CPU.ActiveCfg = Release|Any CPU
		{637CB99B-0AD0-42F0-844A-424E9B1E0701}.Release|Any CPU.Build.0 = Release|Any CPU
		{C5729534-A11C-492C-82DE-4078DBB4D31C}.Debug|Any CPU.ActiveCfg = Debug|Any CPU
		{C5729534-A11C-492C-82DE-4078DBB4D31C}.Debug|Any CPU.Build.0 = Debug|Any CPU
		{C5729534-A11C-492C-82DE-4078DBB4D31C}.Release|Any CPU.ActiveCfg = Release|Any CPU
		{C5729534-A11C-492C-82DE-4078DBB4D31C}.Release|Any CPU.Build.0 = Release|Any CPU
	EndGlobalSection
	GlobalSection(SolutionProperties) = preSolution
		HideSolutionNode = FALSE
	EndGlobalSection
	GlobalSection(ExtensibilityGlobals) = postSolution
		SolutionGuid = {90E38E58-D546-46FF-9323-7E42F6828DA3}
	EndGlobalSection
EndGlobal
